<?xml version="1.0" encoding="UTF-8" standalone="yes" ?>
<CodeBlocks_project_file>
	<FileVersion major="1" minor="6" />
	<Project>
		<Option title="ball_collision_project" />
		<Option makefile="makefile" />
		<Option pch_mode="2" />
		<Option compiler="gcc" />
		<Build>
			<Target title="Debug">
				<Option output="bin/Debug/initial_graphics_project" prefix_auto="1" extension_auto="1" />
				<Option object_output="obj/Debug/" />
				<Option type="1" />
				<Option compiler="gcc" />
				<Compiler>
					<Add option="-g" />
				</Compiler>
				<Linker>
					<Add library="Gdi32" />
					<Add library="Ole32" />
					<Add library="OleAut32" />
					<Add library="Comdlg32" />
				</Linker>
			</Target>
			<Target title="Release">
				<Option output="bin/Release/ball_collision_project" prefix_auto="1" extension_auto="1" />
				<Option object_output="obj/Release/" />
				<Option type="1" />
				<Option compiler="gcc" />
				<Compiler>
					<Add option="-O2" />
				</Compiler>
				<Linker>
					<Add option="-s" />
					<Add library="Gdi32" />
					<Add library="Ole32" />
					<Add library="OleAut32" />
					<Add library="Comdlg32" />
				</Linker>
			</Target>
		</Build>
		<Compiler>
			<Add option="-Wall" />
			<Add option="-fexceptions" />
		</Compiler>
		<Unit filename="BALL.H" />
		<Unit filename="BALLFIELD.H" />
		<Unit filename="PAIR.H" />
		<Unit filename="WALL.H" />
		<Unit filename="bgi.cxx" />
		<Unit filename="bgiout.cxx" />
		<Unit filename="dibapi.h" />
		<Unit filename="dibutil.cxx" />
		<Unit filename="dibutil.h" />
		<Unit filename="drawing.cxx" />
		<Unit filename="file.cxx" />
		<Unit filename="graphics.h" />
		<Unit filename="main.cpp" />
		<Unit filename="misc.cxx" />
		<Unit filename="mouse.cxx" />
		<Unit filename="palette.cxx" />
		<Unit filename="text.cxx" />
		<Unit filename="winbgi.cxx" />
		<Unit filename="winbgim.h" />
		<Unit filename="winbgitypes.h" />
		<Unit filename="winthread.cxx" />
		<Extensions>
			<code_completion />
			<envvars />
			<debugger />
			<lib_finder disable_auto="1" />
		</Extensions>
	</Project>
</CodeBlocks_project_file>
